
Microsoft Visual Studio Solution File, Format Version 12.00
# Visual Studio Version 17
VisualStudioVersion = 17.7.34221.43
MinimumVisualStudioVersion = 10.0.40219.1
Project("{FAE04EC0-301F-11D3-BF4B-00C04F79EFBC}") = "Kalkulator 06.03.25", "Kalkulator 06.03.25\Kalkulator 06.03.25.csproj", "{FC98C274-42F5-42C2-8215-BD6516F49756}"
EndProject
Global
	GlobalSection(SolutionConfigurationPlatforms) = preSolution
		Debug|Any CPU = Debug|Any CPU
		Release|Any CPU = Release|Any CPU
	EndGlobalSection
	GlobalSection(ProjectConfigurationPlatforms) = postSolution
		{FC98C274-42F5-42C2-8215-BD6516F49756}.Debug|Any CPU.ActiveCfg = Debug|Any CPU
		{FC98C274-42F5-42C2-8215-BD6516F49756}.Debug|Any CPU.Build.0 = Debug|Any CPU
		{FC98C274-42F5-42C2-8215-BD6516F49756}.Release|Any CPU.ActiveCfg = Release|Any CPU
		{FC98C274-42F5-42C2-8215-BD6516F49756}.Release|Any CPU.Build.0 = Release|Any CPU
	EndGlobalSection
	GlobalSection(SolutionProperties) = preSolution
		HideSolutionNode = FALSE
	EndGlobalSection
	GlobalSection(ExtensibilityGlobals) = postSolution
		SolutionGuid = {87E0F23E-3320-4C80-B00A-AC6ECC5EF1D6}
	EndGlobalSection
EndGlobal
